
Microsoft Visual Studio Solution File, Format Version 12.00
# Visual Studio Version 16
VisualStudioVersion = 16.0.30330.147
MinimumVisualStudioVersion = 10.0.40219.1
Project("{FAE04EC0-301F-11D3-BF4B-00C04F79EFBC}") = "Unary.CSGOBot", "Unary.CSGOBot.csproj", "{15B148F9-0A4B-40E5-ABFF-C0A9B41225D9}"
EndProject
Global
	GlobalSection(SolutionConfigurationPlatforms) = preSolution
		Debug|Any CPU = Debug|Any CPU
		Release|Any CPU = Release|Any CPU
	EndGlobalSection
	GlobalSection(ProjectConfigurationPlatforms) = postSolution
		{15B148F9-0A4B-40E5-ABFF-C0A9B41225D9}.Debug|Any CPU.ActiveCfg = Debug|Any CPU
		{15B148F9-0A4B-40E5-ABFF-C0A9B41225D9}.Debug|Any CPU.Build.0 = Debug|Any CPU
		{15B148F9-0A4B-40E5-ABFF-C0A9B41225D9}.Release|Any CPU.ActiveCfg = Release|Any CPU
		{15B148F9-0A4B-40E5-ABFF-C0A9B41225D9}.Release|Any CPU.Build.0 = Release|Any CPU
	EndGlobalSection
	GlobalSection(SolutionProperties) = preSolution
		HideSolutionNode = FALSE
	EndGlobalSection
	GlobalSection(ExtensibilityGlobals) = postSolution
		SolutionGuid = {05308ED2-4B37-4A7B-8C06-7FF79E586D5E}
	EndGlobalSection
EndGlobal
